
Microsoft Visual Studio Solution File, Format Version 12.00
# Visual Studio Version 17
VisualStudioVersion = 17.0.31903.59
MinimumVisualStudioVersion = 10.0.40219.1
Project("{2150E333-8FDC-42A3-9474-1A3956D46DE8}") = "src", "src", "{978449F3-9CB7-4A9F-8F7C-108A7599142A}"
EndProject
Project("{FAE04EC0-301F-11D3-BF4B-00C04F79EFBC}") = "Apifox.App", "src\Apifox.App\Apifox.App.csproj", "{842FBB1D-CFFD-4019-8B1B-9039E1A8D297}"
EndProject
Global
	GlobalSection(SolutionConfigurationPlatforms) = preSolution
		Debug|Any CPU = Debug|Any CPU
		Release|Any CPU = Release|Any CPU
	EndGlobalSection
	GlobalSection(SolutionProperties) = preSolution
		HideSolutionNode = FALSE
	EndGlobalSection
	GlobalSection(ProjectConfigurationPlatforms) = postSolution
		{842FBB1D-CFFD-4019-8B1B-9039E1A8D297}.Debug|Any CPU.ActiveCfg = Debug|Any CPU
		{842FBB1D-CFFD-4019-8B1B-9039E1A8D297}.Debug|Any CPU.Build.0 = Debug|Any CPU
		{842FBB1D-CFFD-4019-8B1B-9039E1A8D297}.Release|Any CPU.ActiveCfg = Release|Any CPU
		{842FBB1D-CFFD-4019-8B1B-9039E1A8D297}.Release|Any CPU.Build.0 = Release|Any CPU
	EndGlobalSection
	GlobalSection(NestedProjects) = preSolution
		{842FBB1D-CFFD-4019-8B1B-9039E1A8D297} = {978449F3-9CB7-4A9F-8F7C-108A7599142A}
	EndGlobalSection
EndGlobal
