Microsoft Visual Studio Solution File, Format Version 12.00
# Visual Studio Version 17
VisualStudioVersion = 17.5.2.0
MinimumVisualStudioVersion = 10.0.40219.1
Project("{FAE04EC0-301F-11D3-BF4B-00C04F79EFBC}") = "Apifox.App", "Apifox.App.csproj", "{B72EBB75-0804-62AB-415E-C827F71EB03D}"
EndProject
Global
	GlobalSection(SolutionConfigurationPlatforms) = preSolution
		Debug|Any CPU = Debug|Any CPU
		Release|Any CPU = Release|Any CPU
	EndGlobalSection
	GlobalSection(ProjectConfigurationPlatforms) = postSolution
		{B72EBB75-0804-62AB-415E-C827F71EB03D}.Debug|Any CPU.ActiveCfg = Debug|Any CPU
		{B72EBB75-0804-62AB-415E-C827F71EB03D}.Debug|Any CPU.Build.0 = Debug|Any CPU
		{B72EBB75-0804-62AB-415E-C827F71EB03D}.Release|Any CPU.ActiveCfg = Release|Any CPU
		{B72EBB75-0804-62AB-415E-C827F71EB03D}.Release|Any CPU.Build.0 = Release|Any CPU
	EndGlobalSection
	GlobalSection(SolutionProperties) = preSolution
		HideSolutionNode = FALSE
	EndGlobalSection
	GlobalSection(ExtensibilityGlobals) = postSolution
		SolutionGuid = {4C12F2EC-FDD1-4728-BE47-18231F0BBEA1}
	EndGlobalSection
EndGlobal
